
Microsoft Visual Studio Solution File, Format Version 12.00
# Visual Studio Version 17
VisualStudioVersion = 17.5.33627.172
MinimumVisualStudioVersion = 10.0.40219.1
Project("{FAE04EC0-301F-11D3-BF4B-00C04F79EFBC}") = "Recursive", "Recursive\Recursive.csproj", "{34250C4B-BC0B-460A-8B26-9C29CD6595E8}"
EndProject
Global
	GlobalSection(SolutionConfigurationPlatforms) = preSolution
		Debug|Any CPU = Debug|Any CPU
		Release|Any CPU = Release|Any CPU
	EndGlobalSection
	GlobalSection(ProjectConfigurationPlatforms) = postSolution
		{34250C4B-BC0B-460A-8B26-9C29CD6595E8}.Debug|Any CPU.ActiveCfg = Debug|Any CPU
		{34250C4B-BC0B-460A-8B26-9C29CD6595E8}.Debug|Any CPU.Build.0 = Debug|Any CPU
		{34250C4B-BC0B-460A-8B26-9C29CD6595E8}.Release|Any CPU.ActiveCfg = Release|Any CPU
		{34250C4B-BC0B-460A-8B26-9C29CD6595E8}.Release|Any CPU.Build.0 = Release|Any CPU
	EndGlobalSection
	GlobalSection(SolutionProperties) = preSolution
		HideSolutionNode = FALSE
	EndGlobalSection
	GlobalSection(ExtensibilityGlobals) = postSolution
		SolutionGuid = {EBAA015A-4AEE-44BA-861A-8DFFA16A2C3A}
	EndGlobalSection
EndGlobal
